{
  "name": "@cordisx/chatroom",
  "version": "0.1.0",
  "lockfileVersion": 3,
  "requires": true,
  "packages": {
    "": {
      "name": "@cordisx/chatroom",
      "version": "0.1.0",
      "license": "MIT",
      "devDependencies": {
        "@cordisx/protocol": "github:cordisx/cordisx-protocol#3ad21adb5fa10c75aec88f7280c5b31f87e76dad",
        "@deepseek-ai/cordis": "4.0.1",
        "cordisx": "github:cordisx/cordisx#25f8c9b75594ed328cbe5d7a475e119c084276dd",
        "typescript": "^5.9.2"
      },
      "engines": {
        "node": ">=22.19"
      }
    },
    "node_modules/@cordisx/protocol": {
      "version": "0.1.0-alpha.0",
      "resolved": "git+ssh://git@github.com/cordisx/cordisx-protocol.git#3ad21adb5fa10c75aec88f7280c5b31f87e76dad",
      "integrity": "sha512-j2ixulrLFqOWwelTwSzMLWqGMvCPzV0pgcgboeBeDirXbAdm8QStKBVjKfJvqUOv4OzH1mWqqgAS3Qyqy1uhTg==",
      "dev": true,
      "license": "AGPL-3.0-or-later",
      "engines": {
        "node": ">=22.19"
      }
    },
    "node_modules/@deepseek-ai/cordis": {
      "version": "4.0.1",
      "resolved": "https://registry.npmjs.org/@deepseek-ai/cordis/-/cordis-4.0.1.tgz",
      "integrity": "sha512-YBdskTU2Po1kru3GgcUWUbkTsPMA9LkSQDAY8rBkFJeajdgcQad3QPJZE26JyK99Xb6HaASvoXg2DSUTeN/0Nw==",
      "dev": true,
      "license": "MIT",
      "dependencies": {
        "@deepseek-ai/cosmokit": "^1.8.2",
        "@standard-schema/spec": "^1.1.0"
      },
      "bin": {
        "cordis": "bin.js"
      },
      "peerDependencies": {
        "@deepseek-ai/cordis-plugin-include": "^1.0.6",
        "@deepseek-ai/cordis-plugin-loader": "^1.0.2"
      },
      "peerDependenciesMeta": {
        "@deepseek-ai/cordis-plugin-include": {
          "optional": true
        },
        "@deepseek-ai/cordis-plugin-loader": {
          "optional": true
        }
      }
    },
    "node_modules/@deepseek-ai/cosmokit": {
      "version": "1.8.2",
      "resolved": "https://registry.npmjs.org/@deepseek-ai/cosmokit/-/cosmokit-1.8.2.tgz",
      "integrity": "sha512-muBOKtSrUKU5m/xpq8ZXWL6hQ/jgd4PhU2PqH97bcxIiLEJfNwZOGQEx4t/aS/GgxRAR+ra9pMHPMtTHU4sqqA==",
      "dev": true,
      "license": "MIT"
    },
    "node_modules/@standard-schema/spec": {
      "version": "1.1.0",
      "resolved": "https://registry.npmjs.org/@standard-schema/spec/-/spec-1.1.0.tgz",
      "integrity": "sha512-l2aFy5jALhniG5HgqrD6jXLi/rUWrKvqN/qJx6yoJsgKhblVd+iqqU4RCXavm/jPityDo5TCvKMnpjKnOriy0w==",
      "dev": true,
      "license": "MIT"
    },
    "node_modules/cordisx": {
      "name": "cordisx-monorepo",
      "resolved": "git+ssh://git@github.com/cordisx/cordisx.git#25f8c9b75594ed328cbe5d7a475e119c084276dd",
      "integrity": "sha512-3F65SSv47DMm3DozQ335xrYozaPAvCxddsrC4JhMd0ksQj8qm9QOlSR7iWL8X8HT2ksnKZdDO/AlRup8rmjOVA==",
      "dev": true,
      "workspaces": [
        "packages/*"
      ],
      "engines": {
        "node": ">=22.19"
      }
    },
    "node_modules/typescript": {
      "version": "5.9.3",
      "resolved": "https://registry.npmjs.org/typescript/-/typescript-5.9.3.tgz",
      "integrity": "sha512-jl1vZzPDinLr9eUt3J/t7V6FgNEw9QjvBPdysz9KfQDD41fQrC2Y4vKQdiaUpFT4bXlb1RHhLpp8wtm6M5TgSw==",
      "dev": true,
      "bin": {
        "tsc": "bin/tsc",
        "tsserver": "bin/tsserver"
      },
      "engines": {
        "node": ">=14.17"
      }
    }
  }
}
